// !$*UTF8*$!
{
	archiveVersion = 1;
	classes = {
	};
	objectVersion = 48;
	objects = {

/* Begin PBXBuildFile section */
		C005F2692057174F006A14CB /* AppDelegate.swift in Sources */ = {isa = PBXBuildFile; fileRef = C005F2682057174F006A14CB /* AppDelegate.swift */; };
		C005F26B2057174F006A14CB /* HomeViewController.swift in Sources */ = {isa = PBXBuildFile; fileRef = C005F26A2057174F006A14CB /* HomeViewController.swift */; };
		C005F26E2057174F006A14CB /* Main.storyboard in Resources */ = {isa = PBXBuildFile; fileRef = C005F26C2057174F006A14CB /* Main.storyboard */; };
		C005F2702057174F006A14CB /* Assets.xcassets in Resources */ = {isa = PBXBuildFile; fileRef = C005F26F2057174F006A14CB /* Assets.xcassets */; };
		C005F2732057174F006A14CB /* LaunchScreen.storyboard in Resources */ = {isa = PBXBuildFile; fileRef = C005F2712057174F006A14CB /* LaunchScreen.storyboard */; };
		C01FBB94205D6C3700B250E6 /* TimeFunctionExtensions.swift in Sources */ = {isa = PBXBuildFile; fileRef = C01FBB93205D6C3700B250E6 /* TimeFunctionExtensions.swift */; };
		C031BE94206301CC00CEA165 /* PeripheralDevice.swift in Sources */ = {isa = PBXBuildFile; fileRef = C031BE93206301CC00CEA165 /* PeripheralDevice.swift */; };
		C062129C205B2E2C008937C7 /* CadenceViewController.swift in Sources */ = {isa = PBXBuildFile; fileRef = C062129B205B2E2C008937C7 /* CadenceViewController.swift */; };
		C089573A205C6A0A00E019B6 /* CadenceMetrics.swift in Sources */ = {isa = PBXBuildFile; fileRef = C0895739205C6A0A00E019B6 /* CadenceMetrics.swift */; };
/* End PBXBuildFile section */

/* Begin PBXFileReference section */
		C005F2652057174F006A14CB /* RF1_iOS.app */ = {isa = PBXFileReference; explicitFileType = wrapper.application; includeInIndex = 0; path = RF1_iOS.app; sourceTree = BUILT_PRODUCTS_DIR; };
		C005F2682057174F006A14CB /* AppDelegate.swift */ = {isa = PBXFileReference; lastKnownFileType = sourcecode.swift; path = AppDelegate.swift; sourceTree = "<group>"; };
		C005F26A2057174F006A14CB /* HomeViewController.swift */ = {isa = PBXFileReference; lastKnownFileType = sourcecode.swift; path = HomeViewController.swift; sourceTree = "<group>"; };
		C005F26D2057174F006A14CB /* Base */ = {isa = PBXFileReference; lastKnownFileType = file.storyboard; name = Base; path = Base.lproj/Main.storyboard; sourceTree = "<group>"; };
		C005F26F2057174F006A14CB /* Assets.xcassets */ = {isa = PBXFileReference; lastKnownFileType = folder.assetcatalog; path = Assets.xcassets; sourceTree = "<group>"; };
		C005F2722057174F006A14CB /* Base */ = {isa = PBXFileReference; lastKnownFileType = file.storyboard; name = Base; path = Base.lproj/LaunchScreen.storyboard; sourceTree = "<group>"; };
		C005F2742057174F006A14CB /* Info.plist */ = {isa = PBXFileReference; lastKnownFileType = text.plist.xml; path = Info.plist; sourceTree = "<group>"; };
		C01FBB93205D6C3700B250E6 /* TimeFunctionExtensions.swift */ = {isa = PBXFileReference; lastKnownFileType = sourcecode.swift; path = TimeFunctionExtensions.swift; sourceTree = "<group>"; };
		C031BE93206301CC00CEA165 /* PeripheralDevice.swift */ = {isa = PBXFileReference; lastKnownFileType = sourcecode.swift; path = PeripheralDevice.swift; sourceTree = "<group>"; };
		C062129B205B2E2C008937C7 /* CadenceViewController.swift */ = {isa = PBXFileReference; lastKnownFileType = sourcecode.swift; path = CadenceViewController.swift; sourceTree = "<group>"; };
		C0895739205C6A0A00E019B6 /* CadenceMetrics.swift */ = {isa = PBXFileReference; lastKnownFileType = sourcecode.swift; path = CadenceMetrics.swift; sourceTree = "<group>"; };
/* End PBXFileReference section */

/* Begin PBXFrameworksBuildPhase section */
		C005F2622057174F006A14CB /* Frameworks */ = {
			isa = PBXFrameworksBuildPhase;
			buildActionMask = 2147483647;
			files = (
			);
			runOnlyForDeploymentPostprocessing = 0;
		};
/* End PBXFrameworksBuildPhase section */

/* Begin PBXGroup section */
		C005F25C2057174F006A14CB = {
			isa = PBXGroup;
			children = (
				C005F2672057174F006A14CB /* RF1_iOS */,
				C005F2662057174F006A14CB /* Products */,
			);
			sourceTree = "<group>";
		};
		C005F2662057174F006A14CB /* Products */ = {
			isa = PBXGroup;
			children = (
				C005F2652057174F006A14CB /* RF1_iOS.app */,
			);
			name = Products;
			sourceTree = "<group>";
		};
		C005F2672057174F006A14CB /* RF1_iOS */ = {
			isa = PBXGroup;
			children = (
				C01FBB92205D6C1700B250E6 /* Extensions */,
				C00A81AB205C632F004F4867 /* Models */,
				C00A81AA205C632A004F4867 /* Views */,
				C00A81A8205C631D004F4867 /* Controllers */,
				C005F26F2057174F006A14CB /* Assets.xcassets */,
				C005F2712057174F006A14CB /* LaunchScreen.storyboard */,
				C005F2742057174F006A14CB /* Info.plist */,
			);
			path = RF1_iOS;
			sourceTree = "<group>";
		};
		C00A81A8205C631D004F4867 /* Controllers */ = {
			isa = PBXGroup;
			children = (
				C005F2682057174F006A14CB /* AppDelegate.swift */,
				C005F26A2057174F006A14CB /* HomeViewController.swift */,
				C062129B205B2E2C008937C7 /* CadenceViewController.swift */,
			);
			path = Controllers;
			sourceTree = "<group>";
		};
		C00A81AA205C632A004F4867 /* Views */ = {
			isa = PBXGroup;
			children = (
				C005F26C2057174F006A14CB /* Main.storyboard */,
			);
			path = Views;
			sourceTree = "<group>";
		};
		C00A81AB205C632F004F4867 /* Models */ = {
			isa = PBXGroup;
			children = (
				C0895739205C6A0A00E019B6 /* CadenceMetrics.swift */,
				C031BE93206301CC00CEA165 /* PeripheralDevice.swift */,
			);
			path = Models;
			sourceTree = "<group>";
		};
		C01FBB92205D6C1700B250E6 /* Extensions */ = {
			isa = PBXGroup;
			children = (
				C01FBB93205D6C3700B250E6 /* TimeFunctionExtensions.swift */,
			);
			path = Extensions;
			sourceTree = "<group>";
		};
/* End PBXGroup section */

/* Begin PBXNativeTarget section */
		C005F2642057174F006A14CB /* RF1_iOS */ = {
			isa = PBXNativeTarget;
			buildConfigurationList = C005F2772057174F006A14CB /* Build configuration list for PBXNativeTarget "RF1_iOS" */;
			buildPhases = (
				C005F2612057174F006A14CB /* Sources */,
				C005F2622057174F006A14CB /* Frameworks */,
				C005F2632057174F006A14CB /* Resources */,
			);
			buildRules = (
			);
			dependencies = (
			);
			name = RF1_iOS;
			productName = RF1_iOS;
			productReference = C005F2652057174F006A14CB /* RF1_iOS.app */;
			productType = "com.apple.product-type.application";
		};
/* End PBXNativeTarget section */

/* Begin PBXProject section */
		C005F25D2057174F006A14CB /* Project object */ = {
			isa = PBXProject;
			attributes = {
				LastSwiftUpdateCheck = 0920;
				LastUpgradeCheck = 0920;
				ORGANIZATIONNAME = "Keegan Jebb";
				TargetAttributes = {
					C005F2642057174F006A14CB = {
						CreatedOnToolsVersion = 9.2;
						ProvisioningStyle = Automatic;
					};
				};
			};
			buildConfigurationList = C005F2602057174F006A14CB /* Build configuration list for PBXProject "RF1_iOS" */;
			compatibilityVersion = "Xcode 8.0";
			developmentRegion = en;
			hasScannedForEncodings = 0;
			knownRegions = (
				en,
				Base,
			);
			mainGroup = C005F25C2057174F006A14CB;
			productRefGroup = C005F2662057174F006A14CB /* Products */;
			projectDirPath = "";
			projectRoot = "";
			targets = (
				C005F2642057174F006A14CB /* RF1_iOS */,
			);
		};
/* End PBXProject section */

/* Begin PBXResourcesBuildPhase section */
		C005F2632057174F006A14CB /* Resources */ = {
			isa = PBXResourcesBuildPhase;
			buildActionMask = 2147483647;
			files = (
				C005F2732057174F006A14CB /* LaunchScreen.storyboard in Resources */,
				C005F2702057174F006A14CB /* Assets.xcassets in Resources */,
				C005F26E2057174F006A14CB /* Main.storyboard in Resources */,
			);
			runOnlyForDeploymentPostprocessing = 0;
		};
/* End PBXResourcesBuildPhase section */

/* Begin PBXSourcesBuildPhase section */
		C005F2612057174F006A14CB /* Sources */ = {
			isa = PBXSourcesBuildPhase;
			buildActionMask = 2147483647;
			files = (
				C005F26B2057174F006A14CB /* HomeViewController.swift in Sources */,
				C089573A205C6A0A00E019B6 /* CadenceMetrics.swift in Sources */,
				C062129C205B2E2C008937C7 /* CadenceViewController.swift in Sources */,
				C01FBB94205D6C3700B250E6 /* TimeFunctionExtensions.swift in Sources */,
				C005F2692057174F006A14CB /* AppDelegate.swift in Sources */,
				C031BE94206301CC00CEA165 /* PeripheralDevice.swift in Sources */,
			);
			runOnlyForDeploymentPostprocessing = 0;
		};
/* End PBXSourcesBuildPhase section */

/* Begin PBXVariantGroup section */
		C005F26C2057174F006A14CB /* Main.storyboard */ = {
			isa = PBXVariantGroup;
			children = (
				C005F26D2057174F006A14CB /* Base */,
			);
			name = Main.storyboard;
			sourceTree = "<group>";
		};
		C005F2712057174F006A14CB /* LaunchScreen.storyboard */ = {
			isa = PBXVariantGroup;
			children = (
				C005F2722057174F006A14CB /* Base */,
			);
			name = LaunchScreen.storyboard;
			sourceTree = "<group>";
		};
/* End PBXVariantGroup section */

/* Begin XCBuildConfiguration section */
		C005F2752057174F006A14CB /* Debug */ = {
			isa = XCBuildConfiguration;
			buildSettings = {
				ALWAYS_SEARCH_USER_PATHS = NO;
				CLANG_ANALYZER_NONNULL = YES;
				CLANG_ANALYZER_NUMBER_OBJECT_CONVERSION = YES_AGGRESSIVE;
				CLANG_CXX_LANGUAGE_STANDARD = "gnu++14";
				CLANG_CXX_LIBRARY = "libc++";
				CLANG_ENABLE_MODULES = YES;
				CLANG_ENABLE_OBJC_ARC = YES;
				CLANG_WARN_BLOCK_CAPTURE_AUTORELEASING = YES;
				CLANG_WARN_BOOL_CONVERSION = YES;
				CLANG_WARN_COMMA = YES;
				CLANG_WARN_CONSTANT_CONVERSION = YES;
				CLANG_WARN_DIRECT_OBJC_ISA_USAGE = YES_ERROR;
				CLANG_WARN_DOCUMENTATION_COMMENTS = YES;
				CLANG_WARN_EMPTY_BODY = YES;
				CLANG_WARN_ENUM_CONVERSION = YES;
				CLANG_WARN_INFINITE_RECURSION = YES;
				CLANG_WARN_INT_CONVERSION = YES;
				CLANG_WARN_NON_LITERAL_NULL_CONVERSION = YES;
				CLANG_WARN_OBJC_LITERAL_CONVERSION = YES;
				CLANG_WARN_OBJC_ROOT_CLASS = YES_ERROR;
				CLANG_WARN_RANGE_LOOP_ANALYSIS = YES;
				CLANG_WARN_STRICT_PROTOTYPES = YES;
				CLANG_WARN_SUSPICIOUS_MOVE = YES;
				CLANG_WARN_UNGUARDED_AVAILABILITY = YES_AGGRESSIVE;
				CLANG_WARN_UNREACHABLE_CODE = YES;
				CLANG_WARN__DUPLICATE_METHOD_MATCH = YES;
				CODE_SIGN_IDENTITY = "iPhone Developer";
				COPY_PHASE_STRIP = NO;
				DEBUG_INFORMATION_FORMAT = dwarf;
				ENABLE_STRICT_OBJC_MSGSEND = YES;
				ENABLE_TESTABILITY = YES;
				GCC_C_LANGUAGE_STANDARD = gnu11;
				GCC_DYNAMIC_NO_PIC = NO;
				GCC_NO_COMMON_BLOCKS = YES;
				GCC_OPTIMIZATION_LEVEL = 0;
				GCC_PREPROCESSOR_DEFINITIONS = (
					"DEBUG=1",
					"$(inherited)",
				);
				GCC_WARN_64_TO_32_BIT_CONVERSION = YES;
				GCC_WARN_ABOUT_RETURN_TYPE = YES_ERROR;
				GCC_WARN_UNDECLARED_SELECTOR = YES;
				GCC_WARN_UNINITIALIZED_AUTOS = YES_AGGRESSIVE;
				GCC_WARN_UNUSED_FUNCTION = YES;
				GCC_WARN_UNUSED_VARIABLE = YES;
				IPHONEOS_DEPLOYMENT_TARGET = 11.2;
				MTL_ENABLE_DEBUG_INFO = YES;
				ONLY_ACTIVE_ARCH = YES;
				SDKROOT = iphoneos;
				SWIFT_ACTIVE_COMPILATION_CONDITIONS = DEBUG;
				SWIFT_OPTIMIZATION_LEVEL = "-Onone";
			};
			name = Debug;
		};
		C005F2762057174F006A14CB /* Release */ = {
			isa = XCBuildConfiguration;
			buildSettings = {
				ALWAYS_SEARCH_USER_PATHS = NO;
				CLANG_ANALYZER_NONNULL = YES;
				CLANG_ANALYZER_NUMBER_OBJECT_CONVERSION = YES_AGGRESSIVE;
				CLANG_CXX_LANGUAGE_STANDARD = "gnu++14";
				CLANG_CXX_LIBRARY = "libc++";
				CLANG_ENABLE_MODULES = YES;
				CLANG_ENABLE_OBJC_ARC = YES;
				CLANG_WARN_BLOCK_CAPTURE_AUTORELEASING = YES;
				CLANG_WARN_BOOL_CONVERSION = YES;
				CLANG_WARN_COMMA = YES;
				CLANG_WARN_CONSTANT_CONVERSION = YES;
				CLANG_WARN_DIRECT_OBJC_ISA_USAGE = YES_ERROR;
				CLANG_WARN_DOCUMENTATION_COMMENTS = YES;
				CLANG_WARN_EMPTY_BODY = YES;
				CLANG_WARN_ENUM_CONVERSION = YES;
				CLANG_WARN_INFINITE_RECURSION = YES;
				CLANG_WARN_INT_CONVERSION = YES;
				CLANG_WARN_NON_LITERAL_NULL_CONVERSION = YES;
				CLANG_WARN_OBJC_LITERAL_CONVERSION = YES;
				CLANG_WARN_OBJC_ROOT_CLASS = YES_ERROR;
				CLANG_WARN_RANGE_LOOP_ANALYSIS = YES;
				CLANG_WARN_STRICT_PROTOTYPES = YES;
				CLANG_WARN_SUSPICIOUS_MOVE = YES;
				CLANG_WARN_UNGUARDED_AVAILABILITY = YES_AGGRESSIVE;
				CLANG_WARN_UNREACHABLE_CODE = YES;
				CLANG_WARN__DUPLICATE_METHOD_MATCH = YES;
				CODE_SIGN_IDENTITY = "iPhone Developer";
				COPY_PHASE_STRIP = NO;
				DEBUG_INFORMATION_FORMAT = "dwarf-with-dsym";
				ENABLE_NS_ASSERTIONS = NO;
				ENABLE_STRICT_OBJC_MSGSEND = YES;
				GCC_C_LANGUAGE_STANDARD = gnu11;
				GCC_NO_COMMON_BLOCKS = YES;
				GCC_WARN_64_TO_32_BIT_CONVERSION = YES;
				GCC_WARN_ABOUT_RETURN_TYPE = YES_ERROR;
				GCC_WARN_UNDECLARED_SELECTOR = YES;
				GCC_WARN_UNINITIALIZED_AUTOS = YES_AGGRESSIVE;
				GCC_WARN_UNUSED_FUNCTION = YES;
				GCC_WARN_UNUSED_VARIABLE = YES;
				IPHONEOS_DEPLOYMENT_TARGET = 11.2;
				MTL_ENABLE_DEBUG_INFO = NO;
				SDKROOT = iphoneos;
				SWIFT_OPTIMIZATION_LEVEL = "-Owholemodule";
				VALIDATE_PRODUCT = YES;
			};
			name = Release;
		};
		C005F2782057174F006A14CB /* Debug */ = {
			isa = XCBuildConfiguration;
			buildSettings = {
				ASSETCATALOG_COMPILER_APPICON_NAME = AppIcon;
				CODE_SIGN_STYLE = Automatic;
				DEVELOPMENT_TEAM = 2JPWAR9WBR;
				INFOPLIST_FILE = RF1_iOS/Info.plist;
				LD_RUNPATH_SEARCH_PATHS = "$(inherited) @executable_path/Frameworks";
				PRODUCT_BUNDLE_IDENTIFIER = "com.keeganjebb.RF1-iOS";
				PRODUCT_NAME = "$(TARGET_NAME)";
				SWIFT_VERSION = 4.0;
				TARGETED_DEVICE_FAMILY = 1;
			};
			name = Debug;
		};
		C005F2792057174F006A14CB /* Release */ = {
			isa = XCBuildConfiguration;
			buildSettings = {
				ASSETCATALOG_COMPILER_APPICON_NAME = AppIcon;
				CODE_SIGN_STYLE = Automatic;
				DEVELOPMENT_TEAM = 2JPWAR9WBR;
				INFOPLIST_FILE = RF1_iOS/Info.plist;
				LD_RUNPATH_SEARCH_PATHS = "$(inherited) @executable_path/Frameworks";
				PRODUCT_BUNDLE_IDENTIFIER = "com.keeganjebb.RF1-iOS";
				PRODUCT_NAME = "$(TARGET_NAME)";
				SWIFT_VERSION = 4.0;
				TARGETED_DEVICE_FAMILY = 1;
			};
			name = Release;
		};
/* End XCBuildConfiguration section */

/* Begin XCConfigurationList section */
		C005F2602057174F006A14CB /* Build configuration list for PBXProject "RF1_iOS" */ = {
			isa = XCConfigurationList;
			buildConfigurations = (
				C005F2752057174F006A14CB /* Debug */,
				C005F2762057174F006A14CB /* Release */,
			);
			defaultConfigurationIsVisible = 0;
			defaultConfigurationName = Release;
		};
		C005F2772057174F006A14CB /* Build configuration list for PBXNativeTarget "RF1_iOS" */ = {
			isa = XCConfigurationList;
			buildConfigurations = (
				C005F2782057174F006A14CB /* Debug */,
				C005F2792057174F006A14CB /* Release */,
			);
			defaultConfigurationIsVisible = 0;
			defaultConfigurationName = Release;
		};
/* End XCConfigurationList section */
	};
	rootObject = C005F25D2057174F006A14CB /* Project object */;
}
